
Microsoft Visual Studio Solution File, Format Version 12.00
# Visual Studio 15
VisualStudioVersion = 15.0.28010.2050
MinimumVisualStudioVersion = 10.0.40219.1
Project("{6EC3EE1D-3C4E-46DD-8F32-0CC8E7565705}") = "FSharp_Models", "FSharp_Models\FSharp_Models.fsproj", "{0FBA22E7-A862-404E-A61A-85B47AA43911}"
EndProject
Project("{9A19103F-16F7-4668-BE54-9A1E7A4F7556}") = "CSharp_client", "CSharp_client\CSharp_client.csproj", "{B7677E3B-878A-400B-889F-78E49E6E11C6}"
EndProject
Project("{F2A71F9B-5D33-465A-A702-920D77279786}") = "FSharp_Client", "FSharp_Client\FSharp_Client.fsproj", "{11FC3C74-A451-4FB4-87B6-B0C24FD0B912}"
EndProject
Global
	GlobalSection(SolutionConfigurationPlatforms) = preSolution
		Debug|Any CPU = Debug|Any CPU
		Release|Any CPU = Release|Any CPU
	EndGlobalSection
	GlobalSection(ProjectConfigurationPlatforms) = postSolution
		{0FBA22E7-A862-404E-A61A-85B47AA43911}.Debug|Any CPU.ActiveCfg = Debug|Any CPU
		{0FBA22E7-A862-404E-A61A-85B47AA43911}.Debug|Any CPU.Build.0 = Debug|Any CPU
		{0FBA22E7-A862-404E-A61A-85B47AA43911}.Release|Any CPU.ActiveCfg = Release|Any CPU
		{0FBA22E7-A862-404E-A61A-85B47AA43911}.Release|Any CPU.Build.0 = Release|Any CPU
		{B7677E3B-878A-400B-889F-78E49E6E11C6}.Debug|Any CPU.ActiveCfg = Debug|Any CPU
		{B7677E3B-878A-400B-889F-78E49E6E11C6}.Debug|Any CPU.Build.0 = Debug|Any CPU
		{B7677E3B-878A-400B-889F-78E49E6E11C6}.Release|Any CPU.ActiveCfg = Release|Any CPU
		{B7677E3B-878A-400B-889F-78E49E6E11C6}.Release|Any CPU.Build.0 = Release|Any CPU
		{11FC3C74-A451-4FB4-87B6-B0C24FD0B912}.Debug|Any CPU.ActiveCfg = Debug|Any CPU
		{11FC3C74-A451-4FB4-87B6-B0C24FD0B912}.Debug|Any CPU.Build.0 = Debug|Any CPU
		{11FC3C74-A451-4FB4-87B6-B0C24FD0B912}.Release|Any CPU.ActiveCfg = Release|Any CPU
		{11FC3C74-A451-4FB4-87B6-B0C24FD0B912}.Release|Any CPU.Build.0 = Release|Any CPU
	EndGlobalSection
	GlobalSection(SolutionProperties) = preSolution
		HideSolutionNode = FALSE
	EndGlobalSection
	GlobalSection(ExtensibilityGlobals) = postSolution
		SolutionGuid = {396B67D3-8127-4687-803E-106A50B8A545}
	EndGlobalSection
EndGlobal
